
Microsoft Visual Studio Solution File, Format Version 12.00
# Visual Studio 15
Project("{FAE04EC0-301F-11D3-BF4B-00C04F79EFBC}") = "Assembly-CSharp", "Assembly-CSharp.csproj", "{FEC708E8-C38B-66A9-B332-D5F00492C30B}"
EndProject
Project("{FAE04EC0-301F-11D3-BF4B-00C04F79EFBC}") = "VuforiaScripts", "VuforiaScripts.csproj", "{6BC8C4F2-A2DA-4556-4987-3F2568E0C31C}"
EndProject
Project("{FAE04EC0-301F-11D3-BF4B-00C04F79EFBC}") = "Assembly-CSharp-firstpass", "Assembly-CSharp-firstpass.csproj", "{898EC5A0-2375-050F-8BF9-90D554CDBA74}"
EndProject
Project("{FAE04EC0-301F-11D3-BF4B-00C04F79EFBC}") = "Assembly-CSharp-Editor", "Assembly-CSharp-Editor.csproj", "{3D87EDEB-DA33-E827-EB90-90010B98E0F9}"
EndProject
Project("{FAE04EC0-301F-11D3-BF4B-00C04F79EFBC}") = "VuforiaEditorScripts", "VuforiaEditorScripts.csproj", "{134DFFCF-C235-84F5-E822-AF273E3CA06B}"
EndProject
Global
	GlobalSection(SolutionConfigurationPlatforms) = preSolution
		Debug|Any CPU = Debug|Any CPU
		Release|Any CPU = Release|Any CPU
	EndGlobalSection
	GlobalSection(ProjectConfigurationPlatforms) = postSolution
		{FEC708E8-C38B-66A9-B332-D5F00492C30B}.Debug|Any CPU.ActiveCfg = Debug|Any CPU
		{FEC708E8-C38B-66A9-B332-D5F00492C30B}.Debug|Any CPU.Build.0 = Debug|Any CPU
		{FEC708E8-C38B-66A9-B332-D5F00492C30B}.Release|Any CPU.ActiveCfg = Release|Any CPU
		{FEC708E8-C38B-66A9-B332-D5F00492C30B}.Release|Any CPU.Build.0 = Release|Any CPU
		{6BC8C4F2-A2DA-4556-4987-3F2568E0C31C}.Debug|Any CPU.ActiveCfg = Debug|Any CPU
		{6BC8C4F2-A2DA-4556-4987-3F2568E0C31C}.Debug|Any CPU.Build.0 = Debug|Any CPU
		{6BC8C4F2-A2DA-4556-4987-3F2568E0C31C}.Release|Any CPU.ActiveCfg = Release|Any CPU
		{6BC8C4F2-A2DA-4556-4987-3F2568E0C31C}.Release|Any CPU.Build.0 = Release|Any CPU
		{898EC5A0-2375-050F-8BF9-90D554CDBA74}.Debug|Any CPU.ActiveCfg = Debug|Any CPU
		{898EC5A0-2375-050F-8BF9-90D554CDBA74}.Debug|Any CPU.Build.0 = Debug|Any CPU
		{898EC5A0-2375-050F-8BF9-90D554CDBA74}.Release|Any CPU.ActiveCfg = Release|Any CPU
		{898EC5A0-2375-050F-8BF9-90D554CDBA74}.Release|Any CPU.Build.0 = Release|Any CPU
		{3D87EDEB-DA33-E827-EB90-90010B98E0F9}.Debug|Any CPU.ActiveCfg = Debug|Any CPU
		{3D87EDEB-DA33-E827-EB90-90010B98E0F9}.Debug|Any CPU.Build.0 = Debug|Any CPU
		{3D87EDEB-DA33-E827-EB90-90010B98E0F9}.Release|Any CPU.ActiveCfg = Release|Any CPU
		{3D87EDEB-DA33-E827-EB90-90010B98E0F9}.Release|Any CPU.Build.0 = Release|Any CPU
		{134DFFCF-C235-84F5-E822-AF273E3CA06B}.Debug|Any CPU.ActiveCfg = Debug|Any CPU
		{134DFFCF-C235-84F5-E822-AF273E3CA06B}.Debug|Any CPU.Build.0 = Debug|Any CPU
		{134DFFCF-C235-84F5-E822-AF273E3CA06B}.Release|Any CPU.ActiveCfg = Release|Any CPU
		{134DFFCF-C235-84F5-E822-AF273E3CA06B}.Release|Any CPU.Build.0 = Release|Any CPU
	EndGlobalSection
	GlobalSection(SolutionProperties) = preSolution
		HideSolutionNode = FALSE
	EndGlobalSection
EndGlobal
