
Microsoft Visual Studio Solution File, Format Version 12.00
# Visual Studio 2017
Project("{FAE04EC0-301F-11D3-BF4B-00C04F79EFBC}") = "mapBoxTest2", "mapBoxTest2.csproj", "{2E5ADCF1-E0DB-46C0-12EE-B8ED781BD950}"
EndProject
Project("{FAE04EC0-301F-11D3-BF4B-00C04F79EFBC}") = "Unity.TextMeshPro", "Unity.TextMeshPro.csproj", "{07A21C90-D344-AE1A-8456-9910C203B41A}"
EndProject
Project("{FAE04EC0-301F-11D3-BF4B-00C04F79EFBC}") = "mapBoxTest2.Plugins", "mapBoxTest2.Plugins.csproj", "{3D21477C-96C5-37CE-DED1-624EC74EC73A}"
EndProject
Project("{FAE04EC0-301F-11D3-BF4B-00C04F79EFBC}") = "mapBoxTest2.Editor", "mapBoxTest2.Editor.csproj", "{EEF93AC7-F915-D26B-82BA-1502ECBC6B06}"
EndProject
Project("{FAE04EC0-301F-11D3-BF4B-00C04F79EFBC}") = "Unity.PackageManagerUI.Editor", "Unity.PackageManagerUI.Editor.csproj", "{6877705C-FBD9-0C4F-5AFB-6FB431E5D39D}"
EndProject
Project("{FAE04EC0-301F-11D3-BF4B-00C04F79EFBC}") = "Unity.TextMeshPro.Editor", "Unity.TextMeshPro.Editor.csproj", "{3A848AB7-9891-EDDA-D555-BF184C2F81F4}"
EndProject
Project("{FAE04EC0-301F-11D3-BF4B-00C04F79EFBC}") = "UnityEditor.StandardEvents", "UnityEditor.StandardEvents.csproj", "{6800202F-4402-D405-F8CB-03DC7BD78B92}"
EndProject
Global
	GlobalSection(SolutionConfigurationPlatforms) = preSolution
		Debug|Any CPU = Debug|Any CPU
		Release|Any CPU = Release|Any CPU
	EndGlobalSection
	GlobalSection(ProjectConfigurationPlatforms) = postSolution
		{2E5ADCF1-E0DB-46C0-12EE-B8ED781BD950}.Debug|Any CPU.ActiveCfg = Debug|Any CPU
		{2E5ADCF1-E0DB-46C0-12EE-B8ED781BD950}.Debug|Any CPU.Build.0 = Debug|Any CPU
		{2E5ADCF1-E0DB-46C0-12EE-B8ED781BD950}.Release|Any CPU.ActiveCfg = Release|Any CPU
		{2E5ADCF1-E0DB-46C0-12EE-B8ED781BD950}.Release|Any CPU.Build.0 = Release|Any CPU
		{07A21C90-D344-AE1A-8456-9910C203B41A}.Debug|Any CPU.ActiveCfg = Debug|Any CPU
		{07A21C90-D344-AE1A-8456-9910C203B41A}.Debug|Any CPU.Build.0 = Debug|Any CPU
		{07A21C90-D344-AE1A-8456-9910C203B41A}.Release|Any CPU.ActiveCfg = Release|Any CPU
		{07A21C90-D344-AE1A-8456-9910C203B41A}.Release|Any CPU.Build.0 = Release|Any CPU
		{3D21477C-96C5-37CE-DED1-624EC74EC73A}.Debug|Any CPU.ActiveCfg = Debug|Any CPU
		{3D21477C-96C5-37CE-DED1-624EC74EC73A}.Debug|Any CPU.Build.0 = Debug|Any CPU
		{3D21477C-96C5-37CE-DED1-624EC74EC73A}.Release|Any CPU.ActiveCfg = Release|Any CPU
		{3D21477C-96C5-37CE-DED1-624EC74EC73A}.Release|Any CPU.Build.0 = Release|Any CPU
		{EEF93AC7-F915-D26B-82BA-1502ECBC6B06}.Debug|Any CPU.ActiveCfg = Debug|Any CPU
		{EEF93AC7-F915-D26B-82BA-1502ECBC6B06}.Debug|Any CPU.Build.0 = Debug|Any CPU
		{EEF93AC7-F915-D26B-82BA-1502ECBC6B06}.Release|Any CPU.ActiveCfg = Release|Any CPU
		{EEF93AC7-F915-D26B-82BA-1502ECBC6B06}.Release|Any CPU.Build.0 = Release|Any CPU
		{6877705C-FBD9-0C4F-5AFB-6FB431E5D39D}.Debug|Any CPU.ActiveCfg = Debug|Any CPU
		{6877705C-FBD9-0C4F-5AFB-6FB431E5D39D}.Debug|Any CPU.Build.0 = Debug|Any CPU
		{6877705C-FBD9-0C4F-5AFB-6FB431E5D39D}.Release|Any CPU.ActiveCfg = Release|Any CPU
		{6877705C-FBD9-0C4F-5AFB-6FB431E5D39D}.Release|Any CPU.Build.0 = Release|Any CPU
		{3A848AB7-9891-EDDA-D555-BF184C2F81F4}.Debug|Any CPU.ActiveCfg = Debug|Any CPU
		{3A848AB7-9891-EDDA-D555-BF184C2F81F4}.Debug|Any CPU.Build.0 = Debug|Any CPU
		{3A848AB7-9891-EDDA-D555-BF184C2F81F4}.Release|Any CPU.ActiveCfg = Release|Any CPU
		{3A848AB7-9891-EDDA-D555-BF184C2F81F4}.Release|Any CPU.Build.0 = Release|Any CPU
		{6800202F-4402-D405-F8CB-03DC7BD78B92}.Debug|Any CPU.ActiveCfg = Debug|Any CPU
		{6800202F-4402-D405-F8CB-03DC7BD78B92}.Debug|Any CPU.Build.0 = Debug|Any CPU
		{6800202F-4402-D405-F8CB-03DC7BD78B92}.Release|Any CPU.ActiveCfg = Release|Any CPU
		{6800202F-4402-D405-F8CB-03DC7BD78B92}.Release|Any CPU.Build.0 = Release|Any CPU
	EndGlobalSection
	GlobalSection(SolutionProperties) = preSolution
		HideSolutionNode = FALSE
	EndGlobalSection
EndGlobal
